
Microsoft Visual Studio Solution File, Format Version 12.00
# Visual Studio Version 16
VisualStudioVersion = 16.0.29613.14
MinimumVisualStudioVersion = 10.0.40219.1
Project("{FAE04EC0-301F-11D3-BF4B-00C04F79EFBC}") = "EverCraft", "EverCraft\EverCraft.csproj", "{57FD2534-9334-4B68-90C7-C9F178E868CA}"
EndProject
Global
	GlobalSection(SolutionConfigurationPlatforms) = preSolution
		Debug|Any CPU = Debug|Any CPU
		Release|Any CPU = Release|Any CPU
	EndGlobalSection
	GlobalSection(ProjectConfigurationPlatforms) = postSolution
		{57FD2534-9334-4B68-90C7-C9F178E868CA}.Debug|Any CPU.ActiveCfg = Debug|Any CPU
		{57FD2534-9334-4B68-90C7-C9F178E868CA}.Debug|Any CPU.Build.0 = Debug|Any CPU
		{57FD2534-9334-4B68-90C7-C9F178E868CA}.Release|Any CPU.ActiveCfg = Release|Any CPU
		{57FD2534-9334-4B68-90C7-C9F178E868CA}.Release|Any CPU.Build.0 = Release|Any CPU
	EndGlobalSection
	GlobalSection(SolutionProperties) = preSolution
		HideSolutionNode = FALSE
	EndGlobalSection
	GlobalSection(ExtensibilityGlobals) = postSolution
		SolutionGuid = {254E9764-4B75-4998-A4DD-E9E263A1B9BE}
	EndGlobalSection
EndGlobal
