
Microsoft Visual Studio Solution File, Format Version 12.00
# Visual Studio Version 16
VisualStudioVersion = 16.0.29613.14
MinimumVisualStudioVersion = 10.0.40219.1
Project("{2150E333-8FDC-42A3-9474-1A3956D46DE8}") = ".root", ".root", "{12974158-0340-41BA-B919-CAF0F6D27F8F}"
	ProjectSection(SolutionItems) = preProject
		.editorconfig = .editorconfig
		.gitignore = .gitignore
		directory.build.props = directory.build.props
		EverCraft.ruleset = EverCraft.ruleset
		LICENSE.md = LICENSE.md
		README.markdown = README.markdown
		stylecop.json = stylecop.json
	EndProjectSection
EndProject
Project("{2150E333-8FDC-42A3-9474-1A3956D46DE8}") = "source", "source", "{B43736DE-2D36-4D25-A6A7-9BBEDD3E3EB7}"
	ProjectSection(SolutionItems) = preProject
		source\directory.build.props = source\directory.build.props
	EndProjectSection
EndProject
Project("{2150E333-8FDC-42A3-9474-1A3956D46DE8}") = "tests", "tests", "{36BB00AC-CC33-4F00-B5AC-1EBDC6EAA716}"
	ProjectSection(SolutionItems) = preProject
		tests\directory.build.props = tests\directory.build.props
	EndProjectSection
EndProject
Project("{9A19103F-16F7-4668-BE54-9A1E7A4F7556}") = "EverCraft", "source\EverCraft\EverCraft.csproj", "{6BA90B3F-7502-4FA7-8178-10544556B00E}"
EndProject
Project("{FAE04EC0-301F-11D3-BF4B-00C04F79EFBC}") = "EverCraft.Tests", "tests\EverCraft.Tests\EverCraft.Tests.csproj", "{46D07CC9-B10E-4FCA-9E93-CA691B34E3DA}"
EndProject
Global
	GlobalSection(SolutionConfigurationPlatforms) = preSolution
		Debug|Any CPU = Debug|Any CPU
		Release|Any CPU = Release|Any CPU
	EndGlobalSection
	GlobalSection(ProjectConfigurationPlatforms) = postSolution
		{6BA90B3F-7502-4FA7-8178-10544556B00E}.Debug|Any CPU.ActiveCfg = Debug|Any CPU
		{6BA90B3F-7502-4FA7-8178-10544556B00E}.Debug|Any CPU.Build.0 = Debug|Any CPU
		{6BA90B3F-7502-4FA7-8178-10544556B00E}.Release|Any CPU.ActiveCfg = Release|Any CPU
		{6BA90B3F-7502-4FA7-8178-10544556B00E}.Release|Any CPU.Build.0 = Release|Any CPU
		{46D07CC9-B10E-4FCA-9E93-CA691B34E3DA}.Debug|Any CPU.ActiveCfg = Debug|Any CPU
		{46D07CC9-B10E-4FCA-9E93-CA691B34E3DA}.Debug|Any CPU.Build.0 = Debug|Any CPU
		{46D07CC9-B10E-4FCA-9E93-CA691B34E3DA}.Release|Any CPU.ActiveCfg = Release|Any CPU
		{46D07CC9-B10E-4FCA-9E93-CA691B34E3DA}.Release|Any CPU.Build.0 = Release|Any CPU
	EndGlobalSection
	GlobalSection(SolutionProperties) = preSolution
		HideSolutionNode = FALSE
	EndGlobalSection
	GlobalSection(NestedProjects) = preSolution
		{6BA90B3F-7502-4FA7-8178-10544556B00E} = {B43736DE-2D36-4D25-A6A7-9BBEDD3E3EB7}
		{46D07CC9-B10E-4FCA-9E93-CA691B34E3DA} = {36BB00AC-CC33-4F00-B5AC-1EBDC6EAA716}
	EndGlobalSection
	GlobalSection(ExtensibilityGlobals) = postSolution
		SolutionGuid = {254E9764-4B75-4998-A4DD-E9E263A1B9BE}
	EndGlobalSection
EndGlobal
